
Microsoft Visual Studio Solution File, Format Version 12.00
# Visual Studio Version 17
VisualStudioVersion = 17.10.34916.146
MinimumVisualStudioVersion = 10.0.40219.1
Project("{FAE04EC0-301F-11D3-BF4B-00C04F79EFBC}") = "ConsoleApp3", "ConsoleApp3\ConsoleApp3.csproj", "{DC23E302-4EC2-4BAE-8321-B6AF5AF007F6}"
EndProject
Global
	GlobalSection(SolutionConfigurationPlatforms) = preSolution
		Debug|Any CPU = Debug|Any CPU
		Release|Any CPU = Release|Any CPU
	EndGlobalSection
	GlobalSection(ProjectConfigurationPlatforms) = postSolution
		{DC23E302-4EC2-4BAE-8321-B6AF5AF007F6}.Debug|Any CPU.ActiveCfg = Debug|Any CPU
		{DC23E302-4EC2-4BAE-8321-B6AF5AF007F6}.Debug|Any CPU.Build.0 = Debug|Any CPU
		{DC23E302-4EC2-4BAE-8321-B6AF5AF007F6}.Release|Any CPU.ActiveCfg = Release|Any CPU
		{DC23E302-4EC2-4BAE-8321-B6AF5AF007F6}.Release|Any CPU.Build.0 = Release|Any CPU
	EndGlobalSection
	GlobalSection(SolutionProperties) = preSolution
		HideSolutionNode = FALSE
	EndGlobalSection
	GlobalSection(ExtensibilityGlobals) = postSolution
		SolutionGuid = {EF3596CE-E73C-4806-80D9-5E4D7FA3F866}
	EndGlobalSection
EndGlobal
